// !$*UTF8*$!
{
	archiveVersion = 1;
	classes = {
	};
	objectVersion = 48;
	objects = {

/* Begin PBXBuildFile section */
		8940D41520BA62EF002DE05D /* AppDelegate.m in Sources */ = {isa = PBXBuildFile; fileRef = 8940D41420BA62EF002DE05D /* AppDelegate.m */; };
		8940D41820BA62EF002DE05D /* ViewController.m in Sources */ = {isa = PBXBuildFile; fileRef = 8940D41720BA62EF002DE05D /* ViewController.m */; };
		8940D41B20BA62EF002DE05D /* Main.storyboard in Resources */ = {isa = PBXBuildFile; fileRef = 8940D41920BA62EF002DE05D /* Main.storyboard */; };
		8940D41D20BA62EF002DE05D /* Assets.xcassets in Resources */ = {isa = PBXBuildFile; fileRef = 8940D41C20BA62EF002DE05D /* Assets.xcassets */; };
		8940D42020BA62EF002DE05D /* LaunchScreen.storyboard in Resources */ = {isa = PBXBuildFile; fileRef = 8940D41E20BA62EF002DE05D /* LaunchScreen.storyboard */; };
		8940D42320BA62EF002DE05D /* main.m in Sources */ = {isa = PBXBuildFile; fileRef = 8940D42220BA62EF002DE05D /* main.m */; };
		8940D42D20BA62F0002DE05D /* HelloWorldTests.m in Sources */ = {isa = PBXBuildFile; fileRef = 8940D42C20BA62F0002DE05D /* HelloWorldTests.m */; };
		8940D43820BA62F0002DE05D /* HelloWorldUITests.m in Sources */ = {isa = PBXBuildFile; fileRef = 8940D43720BA62F0002DE05D /* HelloWorldUITests.m */; };
/* End PBXBuildFile section */

/* Begin PBXContainerItemProxy section */
		8940D42920BA62F0002DE05D /* PBXContainerItemProxy */ = {
			isa = PBXContainerItemProxy;
			containerPortal = 8940D40820BA62EF002DE05D /* Project object */;
			proxyType = 1;
			remoteGlobalIDString = 8940D40F20BA62EF002DE05D;
			remoteInfo = HelloWorld;
		};
		8940D43420BA62F0002DE05D /* PBXContainerItemProxy */ = {
			isa = PBXContainerItemProxy;
			containerPortal = 8940D40820BA62EF002DE05D /* Project object */;
			proxyType = 1;
			remoteGlobalIDString = 8940D40F20BA62EF002DE05D;
			remoteInfo = HelloWorld;
		};
/* End PBXContainerItemProxy section */

/* Begin PBXFileReference section */
		8940D41020BA62EF002DE05D /* HelloWorld.app */ = {isa = PBXFileReference; explicitFileType = wrapper.application; includeInIndex = 0; path = HelloWorld.app; sourceTree = BUILT_PRODUCTS_DIR; };
		8940D41320BA62EF002DE05D /* AppDelegate.h */ = {isa = PBXFileReference; lastKnownFileType = sourcecode.c.h; path = AppDelegate.h; sourceTree = "<group>"; };
		8940D41420BA62EF002DE05D /* AppDelegate.m */ = {isa = PBXFileReference; lastKnownFileType = sourcecode.c.objc; path = AppDelegate.m; sourceTree = "<group>"; };
		8940D41620BA62EF002DE05D /* ViewController.h */ = {isa = PBXFileReference; lastKnownFileType = sourcecode.c.h; path = ViewController.h; sourceTree = "<group>"; };
		8940D41720BA62EF002DE05D /* ViewController.m */ = {isa = PBXFileReference; lastKnownFileType = sourcecode.c.objc; path = ViewController.m; sourceTree = "<group>"; };
		8940D41A20BA62EF002DE05D /* Base */ = {isa = PBXFileReference; lastKnownFileType = file.storyboard; name = Base; path = Base.lproj/Main.storyboard; sourceTree = "<group>"; };
		8940D41C20BA62EF002DE05D /* Assets.xcassets */ = {isa = PBXFileReference; lastKnownFileType = folder.assetcatalog; path = Assets.xcassets; sourceTree = "<group>"; };
		8940D41F20BA62EF002DE05D /* Base */ = {isa = PBXFileReference; lastKnownFileType = file.storyboard; name = Base; path = Base.lproj/LaunchScreen.storyboard; sourceTree = "<group>"; };
		8940D42120BA62EF002DE05D /* Info.plist */ = {isa = PBXFileReference; lastKnownFileType = text.plist.xml; path = Info.plist; sourceTree = "<group>"; };
		8940D42220BA62EF002DE05D /* main.m */ = {isa = PBXFileReference; lastKnownFileType = sourcecode.c.objc; path = main.m; sourceTree = "<group>"; };
		8940D42820BA62F0002DE05D /* HelloWorldTests.xctest */ = {isa = PBXFileReference; explicitFileType = wrapper.cfbundle; includeInIndex = 0; path = HelloWorldTests.xctest; sourceTree = BUILT_PRODUCTS_DIR; };
		8940D42C20BA62F0002DE05D /* HelloWorldTests.m */ = {isa = PBXFileReference; lastKnownFileType = sourcecode.c.objc; path = HelloWorldTests.m; sourceTree = "<group>"; };
		8940D42E20BA62F0002DE05D /* Info.plist */ = {isa = PBXFileReference; lastKnownFileType = text.plist.xml; path = Info.plist; sourceTree = "<group>"; };
		8940D43320BA62F0002DE05D /* HelloWorldUITests.xctest */ = {isa = PBXFileReference; explicitFileType = wrapper.cfbundle; includeInIndex = 0; path = HelloWorldUITests.xctest; sourceTree = BUILT_PRODUCTS_DIR; };
		8940D43720BA62F0002DE05D /* HelloWorldUITests.m */ = {isa = PBXFileReference; lastKnownFileType = sourcecode.c.objc; path = HelloWorldUITests.m; sourceTree = "<group>"; };
		8940D43920BA62F0002DE05D /* Info.plist */ = {isa = PBXFileReference; lastKnownFileType = text.plist.xml; path = Info.plist; sourceTree = "<group>"; };
/* End PBXFileReference section */

/* Begin PBXFrameworksBuildPhase section */
		8940D40D20BA62EF002DE05D /* Frameworks */ = {
			isa = PBXFrameworksBuildPhase;
			buildActionMask = 2147483647;
			files = (
			);
			runOnlyForDeploymentPostprocessing = 0;
		};
		8940D42520BA62F0002DE05D /* Frameworks */ = {
			isa = PBXFrameworksBuildPhase;
			buildActionMask = 2147483647;
			files = (
			);
			runOnlyForDeploymentPostprocessing = 0;
		};
		8940D43020BA62F0002DE05D /* Frameworks */ = {
			isa = PBXFrameworksBuildPhase;
			buildActionMask = 2147483647;
			files = (
			);
			runOnlyForDeploymentPostprocessing = 0;
		};
/* End PBXFrameworksBuildPhase section */

/* Begin PBXGroup section */
		8940D40720BA62EF002DE05D = {
			isa = PBXGroup;
			children = (
				8940D41220BA62EF002DE05D /* HelloWorld */,
				8940D42B20BA62F0002DE05D /* HelloWorldTests */,
				8940D43620BA62F0002DE05D /* HelloWorldUITests */,
				8940D41120BA62EF002DE05D /* Products */,
			);
			sourceTree = "<group>";
		};
		8940D41120BA62EF002DE05D /* Products */ = {
			isa = PBXGroup;
			children = (
				8940D41020BA62EF002DE05D /* HelloWorld.app */,
				8940D42820BA62F0002DE05D /* HelloWorldTests.xctest */,
				8940D43320BA62F0002DE05D /* HelloWorldUITests.xctest */,
			);
			name = Products;
			sourceTree = "<group>";
		};
		8940D41220BA62EF002DE05D /* HelloWorld */ = {
			isa = PBXGroup;
			children = (
				8940D41320BA62EF002DE05D /* AppDelegate.h */,
				8940D41420BA62EF002DE05D /* AppDelegate.m */,
				8940D41620BA62EF002DE05D /* ViewController.h */,
				8940D41720BA62EF002DE05D /* ViewController.m */,
				8940D41920BA62EF002DE05D /* Main.storyboard */,
				8940D41C20BA62EF002DE05D /* Assets.xcassets */,
				8940D41E20BA62EF002DE05D /* LaunchScreen.storyboard */,
				8940D42120BA62EF002DE05D /* Info.plist */,
				8940D42220BA62EF002DE05D /* main.m */,
			);
			path = HelloWorld;
			sourceTree = "<group>";
		};
		8940D42B20BA62F0002DE05D /* HelloWorldTests */ = {
			isa = PBXGroup;
			children = (
				8940D42C20BA62F0002DE05D /* HelloWorldTests.m */,
				8940D42E20BA62F0002DE05D /* Info.plist */,
			);
			path = HelloWorldTests;
			sourceTree = "<group>";
		};
		8940D43620BA62F0002DE05D /* HelloWorldUITests */ = {
			isa = PBXGroup;
			children = (
				8940D43720BA62F0002DE05D /* HelloWorldUITests.m */,
				8940D43920BA62F0002DE05D /* Info.plist */,
			);
			path = HelloWorldUITests;
			sourceTree = "<group>";
		};
/* End PBXGroup section */

/* Begin PBXNativeTarget section */
		8940D40F20BA62EF002DE05D /* HelloWorld */ = {
			isa = PBXNativeTarget;
			buildConfigurationList = 8940D43C20BA62F0002DE05D /* Build configuration list for PBXNativeTarget "HelloWorld" */;
			buildPhases = (
				8940D40C20BA62EF002DE05D /* Sources */,
				8940D40D20BA62EF002DE05D /* Frameworks */,
				8940D40E20BA62EF002DE05D /* Resources */,
			);
			buildRules = (
			);
			dependencies = (
			);
			name = HelloWorld;
			productName = HelloWorld;
			productReference = 8940D41020BA62EF002DE05D /* HelloWorld.app */;
			productType = "com.apple.product-type.application";
		};
		8940D42720BA62F0002DE05D /* HelloWorldTests */ = {
			isa = PBXNativeTarget;
			buildConfigurationList = 8940D43F20BA62F0002DE05D /* Build configuration list for PBXNativeTarget "HelloWorldTests" */;
			buildPhases = (
				8940D42420BA62F0002DE05D /* Sources */,
				8940D42520BA62F0002DE05D /* Frameworks */,
				8940D42620BA62F0002DE05D /* Resources */,
			);
			buildRules = (
			);
			dependencies = (
				8940D42A20BA62F0002DE05D /* PBXTargetDependency */,
			);
			name = HelloWorldTests;
			productName = HelloWorldTests;
			productReference = 8940D42820BA62F0002DE05D /* HelloWorldTests.xctest */;
			productType = "com.apple.product-type.bundle.unit-test";
		};
		8940D43220BA62F0002DE05D /* HelloWorldUITests */ = {
			isa = PBXNativeTarget;
			buildConfigurationList = 8940D44220BA62F0002DE05D /* Build configuration list for PBXNativeTarget "HelloWorldUITests" */;
			buildPhases = (
				8940D42F20BA62F0002DE05D /* Sources */,
				8940D43020BA62F0002DE05D /* Frameworks */,
				8940D43120BA62F0002DE05D /* Resources */,
			);
			buildRules = (
			);
			dependencies = (
				8940D43520BA62F0002DE05D /* PBXTargetDependency */,
			);
			name = HelloWorldUITests;
			productName = HelloWorldUITests;
			productReference = 8940D43320BA62F0002DE05D /* HelloWorldUITests.xctest */;
			productType = "com.apple.product-type.bundle.ui-testing";
		};
/* End PBXNativeTarget section */

/* Begin PBXProject section */
		8940D40820BA62EF002DE05D /* Project object */ = {
			isa = PBXProject;
			attributes = {
				LastUpgradeCheck = 0920;
				ORGANIZATIONNAME = "Duc Vu";
				TargetAttributes = {
					8940D40F20BA62EF002DE05D = {
						CreatedOnToolsVersion = 9.2;
						ProvisioningStyle = Automatic;
					};
					8940D42720BA62F0002DE05D = {
						CreatedOnToolsVersion = 9.2;
						ProvisioningStyle = Automatic;
						TestTargetID = 8940D40F20BA62EF002DE05D;
					};
					8940D43220BA62F0002DE05D = {
						CreatedOnToolsVersion = 9.2;
						ProvisioningStyle = Automatic;
						TestTargetID = 8940D40F20BA62EF002DE05D;
					};
				};
			};
			buildConfigurationList = 8940D40B20BA62EF002DE05D /* Build configuration list for PBXProject "HelloWorld" */;
			compatibilityVersion = "Xcode 8.0";
			developmentRegion = en;
			hasScannedForEncodings = 0;
			knownRegions = (
				en,
				Base,
			);
			mainGroup = 8940D40720BA62EF002DE05D;
			productRefGroup = 8940D41120BA62EF002DE05D /* Products */;
			projectDirPath = "";
			projectRoot = "";
			targets = (
				8940D40F20BA62EF002DE05D /* HelloWorld */,
				8940D42720BA62F0002DE05D /* HelloWorldTests */,
				8940D43220BA62F0002DE05D /* HelloWorldUITests */,
			);
		};
/* End PBXProject section */

/* Begin PBXResourcesBuildPhase section */
		8940D40E20BA62EF002DE05D /* Resources */ = {
			isa = PBXResourcesBuildPhase;
			buildActionMask = 2147483647;
			files = (
				8940D42020BA62EF002DE05D /* LaunchScreen.storyboard in Resources */,
				8940D41D20BA62EF002DE05D /* Assets.xcassets in Resources */,
				8940D41B20BA62EF002DE05D /* Main.storyboard in Resources */,
			);
			runOnlyForDeploymentPostprocessing = 0;
		};
		8940D42620BA62F0002DE05D /* Resources */ = {
			isa = PBXResourcesBuildPhase;
			buildActionMask = 2147483647;
			files = (
			);
			runOnlyForDeploymentPostprocessing = 0;
		};
		8940D43120BA62F0002DE05D /* Resources */ = {
			isa = PBXResourcesBuildPhase;
			buildActionMask = 2147483647;
			files = (
			);
			runOnlyForDeploymentPostprocessing = 0;
		};
/* End PBXResourcesBuildPhase section */

/* Begin PBXSourcesBuildPhase section */
		8940D40C20BA62EF002DE05D /* Sources */ = {
			isa = PBXSourcesBuildPhase;
			buildActionMask = 2147483647;
			files = (
				8940D41820BA62EF002DE05D /* ViewController.m in Sources */,
				8940D42320BA62EF002DE05D /* main.m in Sources */,
				8940D41520BA62EF002DE05D /* AppDelegate.m in Sources */,
			);
			runOnlyForDeploymentPostprocessing = 0;
		};
		8940D42420BA62F0002DE05D /* Sources */ = {
			isa = PBXSourcesBuildPhase;
			buildActionMask = 2147483647;
			files = (
				8940D42D20BA62F0002DE05D /* HelloWorldTests.m in Sources */,
			);
			runOnlyForDeploymentPostprocessing = 0;
		};
		8940D42F20BA62F0002DE05D /* Sources */ = {
			isa = PBXSourcesBuildPhase;
			buildActionMask = 2147483647;
			files = (
				8940D43820BA62F0002DE05D /* HelloWorldUITests.m in Sources */,
			);
			runOnlyForDeploymentPostprocessing = 0;
		};
/* End PBXSourcesBuildPhase section */

/* Begin PBXTargetDependency section */
		8940D42A20BA62F0002DE05D /* PBXTargetDependency */ = {
			isa = PBXTargetDependency;
			target = 8940D40F20BA62EF002DE05D /* HelloWorld */;
			targetProxy = 8940D42920BA62F0002DE05D /* PBXContainerItemProxy */;
		};
		8940D43520BA62F0002DE05D /* PBXTargetDependency */ = {
			isa = PBXTargetDependency;
			target = 8940D40F20BA62EF002DE05D /* HelloWorld */;
			targetProxy = 8940D43420BA62F0002DE05D /* PBXContainerItemProxy */;
		};
/* End PBXTargetDependency section */

/* Begin PBXVariantGroup section */
		8940D41920BA62EF002DE05D /* Main.storyboard */ = {
			isa = PBXVariantGroup;
			children = (
				8940D41A20BA62EF002DE05D /* Base */,
			);
			name = Main.storyboard;
			sourceTree = "<group>";
		};
		8940D41E20BA62EF002DE05D /* LaunchScreen.storyboard */ = {
			isa = PBXVariantGroup;
			children = (
				8940D41F20BA62EF002DE05D /* Base */,
			);
			name = LaunchScreen.storyboard;
			sourceTree = "<group>";
		};
/* End PBXVariantGroup section */

/* Begin XCBuildConfiguration section */
		8940D43A20BA62F0002DE05D /* Debug */ = {
			isa = XCBuildConfiguration;
			buildSettings = {
				ALWAYS_SEARCH_USER_PATHS = NO;
				CLANG_ANALYZER_NONNULL = YES;
				CLANG_ANALYZER_NUMBER_OBJECT_CONVERSION = YES_AGGRESSIVE;
				CLANG_CXX_LANGUAGE_STANDARD = "gnu++14";
				CLANG_CXX_LIBRARY = "libc++";
				CLANG_ENABLE_MODULES = YES;
				CLANG_ENABLE_OBJC_ARC = YES;
				CLANG_WARN_BLOCK_CAPTURE_AUTORELEASING = YES;
				CLANG_WARN_BOOL_CONVERSION = YES;
				CLANG_WARN_COMMA = YES;
				CLANG_WARN_CONSTANT_CONVERSION = YES;
				CLANG_WARN_DIRECT_OBJC_ISA_USAGE = YES_ERROR;
				CLANG_WARN_DOCUMENTATION_COMMENTS = YES;
				CLANG_WARN_EMPTY_BODY = YES;
				CLANG_WARN_ENUM_CONVERSION = YES;
				CLANG_WARN_INFINITE_RECURSION = YES;
				CLANG_WARN_INT_CONVERSION = YES;
				CLANG_WARN_NON_LITERAL_NULL_CONVERSION = YES;
				CLANG_WARN_OBJC_LITERAL_CONVERSION = YES;
				CLANG_WARN_OBJC_ROOT_CLASS = YES_ERROR;
				CLANG_WARN_RANGE_LOOP_ANALYSIS = YES;
				CLANG_WARN_STRICT_PROTOTYPES = YES;
				CLANG_WARN_SUSPICIOUS_MOVE = YES;
				CLANG_WARN_UNGUARDED_AVAILABILITY = YES_AGGRESSIVE;
				CLANG_WARN_UNREACHABLE_CODE = YES;
				CLANG_WARN__DUPLICATE_METHOD_MATCH = YES;
				CODE_SIGN_IDENTITY = "iPhone Developer";
				COPY_PHASE_STRIP = NO;
				DEBUG_INFORMATION_FORMAT = dwarf;
				ENABLE_STRICT_OBJC_MSGSEND = YES;
				ENABLE_TESTABILITY = YES;
				GCC_C_LANGUAGE_STANDARD = gnu11;
				GCC_DYNAMIC_NO_PIC = NO;
				GCC_NO_COMMON_BLOCKS = YES;
				GCC_OPTIMIZATION_LEVEL = 0;
				GCC_PREPROCESSOR_DEFINITIONS = (
					"DEBUG=1",
					"$(inherited)",
				);
				GCC_WARN_64_TO_32_BIT_CONVERSION = YES;
				GCC_WARN_ABOUT_RETURN_TYPE = YES_ERROR;
				GCC_WARN_UNDECLARED_SELECTOR = YES;
				GCC_WARN_UNINITIALIZED_AUTOS = YES_AGGRESSIVE;
				GCC_WARN_UNUSED_FUNCTION = YES;
				GCC_WARN_UNUSED_VARIABLE = YES;
				IPHONEOS_DEPLOYMENT_TARGET = 11.2;
				MTL_ENABLE_DEBUG_INFO = YES;
				ONLY_ACTIVE_ARCH = YES;
				SDKROOT = iphoneos;
			};
			name = Debug;
		};
		8940D43B20BA62F0002DE05D /* Release */ = {
			isa = XCBuildConfiguration;
			buildSettings = {
				ALWAYS_SEARCH_USER_PATHS = NO;
				CLANG_ANALYZER_NONNULL = YES;
				CLANG_ANALYZER_NUMBER_OBJECT_CONVERSION = YES_AGGRESSIVE;
				CLANG_CXX_LANGUAGE_STANDARD = "gnu++14";
				CLANG_CXX_LIBRARY = "libc++";
				CLANG_ENABLE_MODULES = YES;
				CLANG_ENABLE_OBJC_ARC = YES;
				CLANG_WARN_BLOCK_CAPTURE_AUTORELEASING = YES;
				CLANG_WARN_BOOL_CONVERSION = YES;
				CLANG_WARN_COMMA = YES;
				CLANG_WARN_CONSTANT_CONVERSION = YES;
				CLANG_WARN_DIRECT_OBJC_ISA_USAGE = YES_ERROR;
				CLANG_WARN_DOCUMENTATION_COMMENTS = YES;
				CLANG_WARN_EMPTY_BODY = YES;
				CLANG_WARN_ENUM_CONVERSION = YES;
				CLANG_WARN_INFINITE_RECURSION = YES;
				CLANG_WARN_INT_CONVERSION = YES;
				CLANG_WARN_NON_LITERAL_NULL_CONVERSION = YES;
				CLANG_WARN_OBJC_LITERAL_CONVERSION = YES;
				CLANG_WARN_OBJC_ROOT_CLASS = YES_ERROR;
				CLANG_WARN_RANGE_LOOP_ANALYSIS = YES;
				CLANG_WARN_STRICT_PROTOTYPES = YES;
				CLANG_WARN_SUSPICIOUS_MOVE = YES;
				CLANG_WARN_UNGUARDED_AVAILABILITY = YES_AGGRESSIVE;
				CLANG_WARN_UNREACHABLE_CODE = YES;
				CLANG_WARN__DUPLICATE_METHOD_MATCH = YES;
				CODE_SIGN_IDENTITY = "iPhone Developer";
				COPY_PHASE_STRIP = NO;
				DEBUG_INFORMATION_FORMAT = "dwarf-with-dsym";
				ENABLE_NS_ASSERTIONS = NO;
				ENABLE_STRICT_OBJC_MSGSEND = YES;
				GCC_C_LANGUAGE_STANDARD = gnu11;
				GCC_NO_COMMON_BLOCKS = YES;
				GCC_WARN_64_TO_32_BIT_CONVERSION = YES;
				GCC_WARN_ABOUT_RETURN_TYPE = YES_ERROR;
				GCC_WARN_UNDECLARED_SELECTOR = YES;
				GCC_WARN_UNINITIALIZED_AUTOS = YES_AGGRESSIVE;
				GCC_WARN_UNUSED_FUNCTION = YES;
				GCC_WARN_UNUSED_VARIABLE = YES;
				IPHONEOS_DEPLOYMENT_TARGET = 11.2;
				MTL_ENABLE_DEBUG_INFO = NO;
				SDKROOT = iphoneos;
				VALIDATE_PRODUCT = YES;
			};
			name = Release;
		};
		8940D43D20BA62F0002DE05D /* Debug */ = {
			isa = XCBuildConfiguration;
			buildSettings = {
				ASSETCATALOG_COMPILER_APPICON_NAME = AppIcon;
				CODE_SIGN_STYLE = Automatic;
				INFOPLIST_FILE = HelloWorld/Info.plist;
				LD_RUNPATH_SEARCH_PATHS = "$(inherited) @executable_path/Frameworks";
				PRODUCT_BUNDLE_IDENTIFIER = dv.HelloWorld;
				PRODUCT_NAME = "$(TARGET_NAME)";
				TARGETED_DEVICE_FAMILY = "1,2";
			};
			name = Debug;
		};
		8940D43E20BA62F0002DE05D /* Release */ = {
			isa = XCBuildConfiguration;
			buildSettings = {
				ASSETCATALOG_COMPILER_APPICON_NAME = AppIcon;
				CODE_SIGN_STYLE = Automatic;
				INFOPLIST_FILE = HelloWorld/Info.plist;
				LD_RUNPATH_SEARCH_PATHS = "$(inherited) @executable_path/Frameworks";
				PRODUCT_BUNDLE_IDENTIFIER = dv.HelloWorld;
				PRODUCT_NAME = "$(TARGET_NAME)";
				TARGETED_DEVICE_FAMILY = "1,2";
			};
			name = Release;
		};
		8940D44020BA62F0002DE05D /* Debug */ = {
			isa = XCBuildConfiguration;
			buildSettings = {
				BUNDLE_LOADER = "$(TEST_HOST)";
				CODE_SIGN_STYLE = Automatic;
				INFOPLIST_FILE = HelloWorldTests/Info.plist;
				LD_RUNPATH_SEARCH_PATHS = "$(inherited) @executable_path/Frameworks @loader_path/Frameworks";
				PRODUCT_BUNDLE_IDENTIFIER = dv.HelloWorldTests;
				PRODUCT_NAME = "$(TARGET_NAME)";
				TARGETED_DEVICE_FAMILY = "1,2";
				TEST_HOST = "$(BUILT_PRODUCTS_DIR)/HelloWorld.app/HelloWorld";
			};
			name = Debug;
		};
		8940D44120BA62F0002DE05D /* Release */ = {
			isa = XCBuildConfiguration;
			buildSettings = {
				BUNDLE_LOADER = "$(TEST_HOST)";
				CODE_SIGN_STYLE = Automatic;
				INFOPLIST_FILE = HelloWorldTests/Info.plist;
				LD_RUNPATH_SEARCH_PATHS = "$(inherited) @executable_path/Frameworks @loader_path/Frameworks";
				PRODUCT_BUNDLE_IDENTIFIER = dv.HelloWorldTests;
				PRODUCT_NAME = "$(TARGET_NAME)";
				TARGETED_DEVICE_FAMILY = "1,2";
				TEST_HOST = "$(BUILT_PRODUCTS_DIR)/HelloWorld.app/HelloWorld";
			};
			name = Release;
		};
		8940D44320BA62F0002DE05D /* Debug */ = {
			isa = XCBuildConfiguration;
			buildSettings = {
				CODE_SIGN_STYLE = Automatic;
				INFOPLIST_FILE = HelloWorldUITests/Info.plist;
				LD_RUNPATH_SEARCH_PATHS = "$(inherited) @executable_path/Frameworks @loader_path/Frameworks";
				PRODUCT_BUNDLE_IDENTIFIER = dv.HelloWorldUITests;
				PRODUCT_NAME = "$(TARGET_NAME)";
				TARGETED_DEVICE_FAMILY = "1,2";
				TEST_TARGET_NAME = HelloWorld;
			};
			name = Debug;
		};
		8940D44420BA62F0002DE05D /* Release */ = {
			isa = XCBuildConfiguration;
			buildSettings = {
				CODE_SIGN_STYLE = Automatic;
				INFOPLIST_FILE = HelloWorldUITests/Info.plist;
				LD_RUNPATH_SEARCH_PATHS = "$(inherited) @executable_path/Frameworks @loader_path/Frameworks";
				PRODUCT_BUNDLE_IDENTIFIER = dv.HelloWorldUITests;
				PRODUCT_NAME = "$(TARGET_NAME)";
				TARGETED_DEVICE_FAMILY = "1,2";
				TEST_TARGET_NAME = HelloWorld;
			};
			name = Release;
		};
/* End XCBuildConfiguration section */

/* Begin XCConfigurationList section */
		8940D40B20BA62EF002DE05D /* Build configuration list for PBXProject "HelloWorld" */ = {
			isa = XCConfigurationList;
			buildConfigurations = (
				8940D43A20BA62F0002DE05D /* Debug */,
				8940D43B20BA62F0002DE05D /* Release */,
			);
			defaultConfigurationIsVisible = 0;
			defaultConfigurationName = Release;
		};
		8940D43C20BA62F0002DE05D /* Build configuration list for PBXNativeTarget "HelloWorld" */ = {
			isa = XCConfigurationList;
			buildConfigurations = (
				8940D43D20BA62F0002DE05D /* Debug */,
				8940D43E20BA62F0002DE05D /* Release */,
			);
			defaultConfigurationIsVisible = 0;
			defaultConfigurationName = Release;
		};
		8940D43F20BA62F0002DE05D /* Build configuration list for PBXNativeTarget "HelloWorldTests" */ = {
			isa = XCConfigurationList;
			buildConfigurations = (
				8940D44020BA62F0002DE05D /* Debug */,
				8940D44120BA62F0002DE05D /* Release */,
			);
			defaultConfigurationIsVisible = 0;
			defaultConfigurationName = Release;
		};
		8940D44220BA62F0002DE05D /* Build configuration list for PBXNativeTarget "HelloWorldUITests" */ = {
			isa = XCConfigurationList;
			buildConfigurations = (
				8940D44320BA62F0002DE05D /* Debug */,
				8940D44420BA62F0002DE05D /* Release */,
			);
			defaultConfigurationIsVisible = 0;
			defaultConfigurationName = Release;
		};
/* End XCConfigurationList section */
	};
	rootObject = 8940D40820BA62EF002DE05D /* Project object */;
}
